
Microsoft Visual Studio Solution File, Format Version 12.00
# Visual Studio Version 17
VisualStudioVersion = 17.13.35919.96 d17.13
MinimumVisualStudioVersion = 10.0.40219.1
Project("{FAE04EC0-301F-11D3-BF4B-00C04F79EFBC}") = "GrpcMultitenantService", "GrpcMultitenantService\GrpcMultitenantService.csproj", "{24BE18EA-85DD-4EA8-8641-B2A2FDCF48FC}"
EndProject
Global
	GlobalSection(SolutionConfigurationPlatforms) = preSolution
		Debug|Any CPU = Debug|Any CPU
		Release|Any CPU = Release|Any CPU
	EndGlobalSection
	GlobalSection(ProjectConfigurationPlatforms) = postSolution
		{24BE18EA-85DD-4EA8-8641-B2A2FDCF48FC}.Debug|Any CPU.ActiveCfg = Debug|Any CPU
		{24BE18EA-85DD-4EA8-8641-B2A2FDCF48FC}.Debug|Any CPU.Build.0 = Debug|Any CPU
		{24BE18EA-85DD-4EA8-8641-B2A2FDCF48FC}.Release|Any CPU.ActiveCfg = Release|Any CPU
		{24BE18EA-85DD-4EA8-8641-B2A2FDCF48FC}.Release|Any CPU.Build.0 = Release|Any CPU
	EndGlobalSection
	GlobalSection(SolutionProperties) = preSolution
		HideSolutionNode = FALSE
	EndGlobalSection
	GlobalSection(ExtensibilityGlobals) = postSolution
		SolutionGuid = {E778CCCA-B80A-4BBA-8F42-2C9DCBED1365}
	EndGlobalSection
EndGlobal
